
Microsoft Visual Studio Solution File, Format Version 12.00
# Visual Studio 2013
VisualStudioVersion = 12.0.40629.0
MinimumVisualStudioVersion = 10.0.40219.1
Project("{FAE04EC0-301F-11D3-BF4B-00C04F79EFBC}") = "TestTaskGallery.Core", "TestTaskGallery.Core\TestTaskGallery.Core.csproj", "{2A3E8554-73A2-439F-84B7-E7DE25A25D2B}"
EndProject
Project("{FAE04EC0-301F-11D3-BF4B-00C04F79EFBC}") = "TestTaskGallery.DataAccess", "TestTaskGallery.DataAccess\TestTaskGallery.DataAccess.csproj", "{5CEE506E-4986-4C65-8BFC-38188E980774}"
EndProject
Project("{FAE04EC0-301F-11D3-BF4B-00C04F79EFBC}") = "TestTaskGallery.API", "TestTaskGallery.API\TestTaskGallery.API.csproj", "{FC52BCF9-9FC2-492C-9FC7-998B9C932161}"
EndProject
Project("{FAE04EC0-301F-11D3-BF4B-00C04F79EFBC}") = "TestTaskGallery.Tests", "TestTaskGallery.Tests\TestTaskGallery.Tests.csproj", "{ECA77997-B7F6-4BFF-8B87-73802AD252DA}"
EndProject
Global
	GlobalSection(SolutionConfigurationPlatforms) = preSolution
		Debug|Any CPU = Debug|Any CPU
		Release|Any CPU = Release|Any CPU
	EndGlobalSection
	GlobalSection(ProjectConfigurationPlatforms) = postSolution
		{2A3E8554-73A2-439F-84B7-E7DE25A25D2B}.Debug|Any CPU.ActiveCfg = Debug|Any CPU
		{2A3E8554-73A2-439F-84B7-E7DE25A25D2B}.Debug|Any CPU.Build.0 = Debug|Any CPU
		{2A3E8554-73A2-439F-84B7-E7DE25A25D2B}.Release|Any CPU.ActiveCfg = Release|Any CPU
		{2A3E8554-73A2-439F-84B7-E7DE25A25D2B}.Release|Any CPU.Build.0 = Release|Any CPU
		{5CEE506E-4986-4C65-8BFC-38188E980774}.Debug|Any CPU.ActiveCfg = Debug|Any CPU
		{5CEE506E-4986-4C65-8BFC-38188E980774}.Debug|Any CPU.Build.0 = Debug|Any CPU
		{5CEE506E-4986-4C65-8BFC-38188E980774}.Release|Any CPU.ActiveCfg = Release|Any CPU
		{5CEE506E-4986-4C65-8BFC-38188E980774}.Release|Any CPU.Build.0 = Release|Any CPU
		{FC52BCF9-9FC2-492C-9FC7-998B9C932161}.Debug|Any CPU.ActiveCfg = Debug|Any CPU
		{FC52BCF9-9FC2-492C-9FC7-998B9C932161}.Debug|Any CPU.Build.0 = Debug|Any CPU
		{FC52BCF9-9FC2-492C-9FC7-998B9C932161}.Release|Any CPU.ActiveCfg = Release|Any CPU
		{FC52BCF9-9FC2-492C-9FC7-998B9C932161}.Release|Any CPU.Build.0 = Release|Any CPU
		{ECA77997-B7F6-4BFF-8B87-73802AD252DA}.Debug|Any CPU.ActiveCfg = Debug|Any CPU
		{ECA77997-B7F6-4BFF-8B87-73802AD252DA}.Debug|Any CPU.Build.0 = Debug|Any CPU
		{ECA77997-B7F6-4BFF-8B87-73802AD252DA}.Release|Any CPU.ActiveCfg = Release|Any CPU
		{ECA77997-B7F6-4BFF-8B87-73802AD252DA}.Release|Any CPU.Build.0 = Release|Any CPU
	EndGlobalSection
	GlobalSection(SolutionProperties) = preSolution
		HideSolutionNode = FALSE
	EndGlobalSection
EndGlobal
